// !$*UTF8*$!
{
	archiveVersion = 1;
	classes = {
	};
	objectVersion = 56;
	objects = {

/* Begin PBXBuildFile section */
		A817878B29F3CDDA00532428 /* IAmRichPoorViewController.swift in Sources */ = {isa = PBXBuildFile; fileRef = A817878A29F3CDDA00532428 /* IAmRichPoorViewController.swift */; };
		A858519829F9BBD000B1CA43 /* BMI.swift in Sources */ = {isa = PBXBuildFile; fileRef = A858519729F9BBD000B1CA43 /* BMI.swift */; };
		A858519A29F9BBF100B1CA43 /* CalculatorBrain.swift in Sources */ = {isa = PBXBuildFile; fileRef = A858519929F9BBF100B1CA43 /* CalculatorBrain.swift */; };
		A858519D29F9BC4100B1CA43 /* ResultViewController.swift in Sources */ = {isa = PBXBuildFile; fileRef = A858519C29F9BC4100B1CA43 /* ResultViewController.swift */; };
		A858519F29F9BC5E00B1CA43 /* SecondViewController.swift in Sources */ = {isa = PBXBuildFile; fileRef = A858519E29F9BC5E00B1CA43 /* SecondViewController.swift */; };
		A87BD8EE29F856B000B4C570 /* BMICalculatorViewController.swift in Sources */ = {isa = PBXBuildFile; fileRef = A87BD8ED29F856B000B4C570 /* BMICalculatorViewController.swift */; };
		A883A9E929F2DC1C0025D23E /* AppDelegate.swift in Sources */ = {isa = PBXBuildFile; fileRef = A883A9E829F2DC1C0025D23E /* AppDelegate.swift */; };
		A883A9EB29F2DC1C0025D23E /* SceneDelegate.swift in Sources */ = {isa = PBXBuildFile; fileRef = A883A9EA29F2DC1C0025D23E /* SceneDelegate.swift */; };
		A883A9F029F2DC1C0025D23E /* Main.storyboard in Resources */ = {isa = PBXBuildFile; fileRef = A883A9EE29F2DC1C0025D23E /* Main.storyboard */; };
		A883A9F229F2DC230025D23E /* Assets.xcassets in Resources */ = {isa = PBXBuildFile; fileRef = A883A9F129F2DC230025D23E /* Assets.xcassets */; };
		A883A9F529F2DC230025D23E /* LaunchScreen.storyboard in Resources */ = {isa = PBXBuildFile; fileRef = A883A9F329F2DC230025D23E /* LaunchScreen.storyboard */; };
		A8AD2FBC29F54DB700856981 /* DiceeViewController.swift in Sources */ = {isa = PBXBuildFile; fileRef = A8AD2FBB29F54DB700856981 /* DiceeViewController.swift */; };
		A8AD2FBE29F555C800856981 /* ViewController.swift in Sources */ = {isa = PBXBuildFile; fileRef = A8AD2FBD29F555C800856981 /* ViewController.swift */; };
		A8AD2FC329F589BF00856981 /* Magic8BallViewController.swift in Sources */ = {isa = PBXBuildFile; fileRef = A8AD2FC229F589BF00856981 /* Magic8BallViewController.swift */; };
		A8AFFCEA29F59220005165DA /* CalculatorViewController.swift in Sources */ = {isa = PBXBuildFile; fileRef = A8AFFCE929F59220005165DA /* CalculatorViewController.swift */; };
		A8AFFCED29F59F85005165DA /* XylophoneViewController.swift in Sources */ = {isa = PBXBuildFile; fileRef = A8AFFCEC29F59F85005165DA /* XylophoneViewController.swift */; };
		A8AFFCF729F5A00C005165DA /* B.wav in Resources */ = {isa = PBXBuildFile; fileRef = A8AFFCF029F5A00B005165DA /* B.wav */; };
		A8AFFCF829F5A00C005165DA /* D.wav in Resources */ = {isa = PBXBuildFile; fileRef = A8AFFCF129F5A00B005165DA /* D.wav */; };
		A8AFFCF929F5A00C005165DA /* A.wav in Resources */ = {isa = PBXBuildFile; fileRef = A8AFFCF229F5A00B005165DA /* A.wav */; };
		A8AFFCFA29F5A00C005165DA /* E.wav in Resources */ = {isa = PBXBuildFile; fileRef = A8AFFCF329F5A00C005165DA /* E.wav */; };
		A8AFFCFB29F5A00C005165DA /* C.wav in Resources */ = {isa = PBXBuildFile; fileRef = A8AFFCF429F5A00C005165DA /* C.wav */; };
		A8AFFCFC29F5A00C005165DA /* G.wav in Resources */ = {isa = PBXBuildFile; fileRef = A8AFFCF529F5A00C005165DA /* G.wav */; };
		A8AFFCFD29F5A00C005165DA /* F.wav in Resources */ = {isa = PBXBuildFile; fileRef = A8AFFCF629F5A00C005165DA /* F.wav */; };
/* End PBXBuildFile section */

/* Begin PBXFileReference section */
		A817878A29F3CDDA00532428 /* IAmRichPoorViewController.swift */ = {isa = PBXFileReference; lastKnownFileType = sourcecode.swift; path = IAmRichPoorViewController.swift; sourceTree = "<group>"; };
		A858519729F9BBD000B1CA43 /* BMI.swift */ = {isa = PBXFileReference; lastKnownFileType = sourcecode.swift; path = BMI.swift; sourceTree = "<group>"; };
		A858519929F9BBF100B1CA43 /* CalculatorBrain.swift */ = {isa = PBXFileReference; lastKnownFileType = sourcecode.swift; path = CalculatorBrain.swift; sourceTree = "<group>"; };
		A858519C29F9BC4100B1CA43 /* ResultViewController.swift */ = {isa = PBXFileReference; lastKnownFileType = sourcecode.swift; path = ResultViewController.swift; sourceTree = "<group>"; };
		A858519E29F9BC5E00B1CA43 /* SecondViewController.swift */ = {isa = PBXFileReference; lastKnownFileType = sourcecode.swift; path = SecondViewController.swift; sourceTree = "<group>"; };
		A87BD8ED29F856B000B4C570 /* BMICalculatorViewController.swift */ = {isa = PBXFileReference; lastKnownFileType = sourcecode.swift; path = BMICalculatorViewController.swift; sourceTree = "<group>"; };
		A883A9E529F2DC1C0025D23E /* UI Kit.app */ = {isa = PBXFileReference; explicitFileType = wrapper.application; includeInIndex = 0; path = "UI Kit.app"; sourceTree = BUILT_PRODUCTS_DIR; };
		A883A9E829F2DC1C0025D23E /* AppDelegate.swift */ = {isa = PBXFileReference; lastKnownFileType = sourcecode.swift; path = AppDelegate.swift; sourceTree = "<group>"; };
		A883A9EA29F2DC1C0025D23E /* SceneDelegate.swift */ = {isa = PBXFileReference; lastKnownFileType = sourcecode.swift; path = SceneDelegate.swift; sourceTree = "<group>"; };
		A883A9EF29F2DC1C0025D23E /* Base */ = {isa = PBXFileReference; lastKnownFileType = file.storyboard; name = Base; path = Base.lproj/Main.storyboard; sourceTree = "<group>"; };
		A883A9F129F2DC230025D23E /* Assets.xcassets */ = {isa = PBXFileReference; lastKnownFileType = folder.assetcatalog; path = Assets.xcassets; sourceTree = "<group>"; };
		A883A9F429F2DC230025D23E /* Base */ = {isa = PBXFileReference; lastKnownFileType = file.storyboard; name = Base; path = Base.lproj/LaunchScreen.storyboard; sourceTree = "<group>"; };
		A883A9F629F2DC230025D23E /* Info.plist */ = {isa = PBXFileReference; lastKnownFileType = text.plist.xml; path = Info.plist; sourceTree = "<group>"; };
		A8AD2FBB29F54DB700856981 /* DiceeViewController.swift */ = {isa = PBXFileReference; lastKnownFileType = sourcecode.swift; path = DiceeViewController.swift; sourceTree = "<group>"; };
		A8AD2FBD29F555C800856981 /* ViewController.swift */ = {isa = PBXFileReference; lastKnownFileType = sourcecode.swift; path = ViewController.swift; sourceTree = "<group>"; };
		A8AD2FC229F589BF00856981 /* Magic8BallViewController.swift */ = {isa = PBXFileReference; lastKnownFileType = sourcecode.swift; path = Magic8BallViewController.swift; sourceTree = "<group>"; };
		A8AFFCE929F59220005165DA /* CalculatorViewController.swift */ = {isa = PBXFileReference; lastKnownFileType = sourcecode.swift; path = CalculatorViewController.swift; sourceTree = "<group>"; };
		A8AFFCEC29F59F85005165DA /* XylophoneViewController.swift */ = {isa = PBXFileReference; lastKnownFileType = sourcecode.swift; path = XylophoneViewController.swift; sourceTree = "<group>"; };
		A8AFFCF029F5A00B005165DA /* B.wav */ = {isa = PBXFileReference; lastKnownFileType = audio.wav; path = B.wav; sourceTree = "<group>"; };
		A8AFFCF129F5A00B005165DA /* D.wav */ = {isa = PBXFileReference; lastKnownFileType = audio.wav; path = D.wav; sourceTree = "<group>"; };
		A8AFFCF229F5A00B005165DA /* A.wav */ = {isa = PBXFileReference; lastKnownFileType = audio.wav; path = A.wav; sourceTree = "<group>"; };
		A8AFFCF329F5A00C005165DA /* E.wav */ = {isa = PBXFileReference; lastKnownFileType = audio.wav; path = E.wav; sourceTree = "<group>"; };
		A8AFFCF429F5A00C005165DA /* C.wav */ = {isa = PBXFileReference; lastKnownFileType = audio.wav; path = C.wav; sourceTree = "<group>"; };
		A8AFFCF529F5A00C005165DA /* G.wav */ = {isa = PBXFileReference; lastKnownFileType = audio.wav; path = G.wav; sourceTree = "<group>"; };
		A8AFFCF629F5A00C005165DA /* F.wav */ = {isa = PBXFileReference; lastKnownFileType = audio.wav; path = F.wav; sourceTree = "<group>"; };
/* End PBXFileReference section */

/* Begin PBXFrameworksBuildPhase section */
		A883A9E229F2DC1C0025D23E /* Frameworks */ = {
			isa = PBXFrameworksBuildPhase;
			buildActionMask = 2147483647;
			files = (
			);
			runOnlyForDeploymentPostprocessing = 0;
		};
/* End PBXFrameworksBuildPhase section */

/* Begin PBXGroup section */
		A858519B29F9BBF900B1CA43 /* Models */ = {
			isa = PBXGroup;
			children = (
				A858519729F9BBD000B1CA43 /* BMI.swift */,
				A858519929F9BBF100B1CA43 /* CalculatorBrain.swift */,
			);
			path = Models;
			sourceTree = "<group>";
		};
		A87BD8EF29F856B800B4C570 /* BMICalculatorApp */ = {
			isa = PBXGroup;
			children = (
				A87BD8ED29F856B000B4C570 /* BMICalculatorViewController.swift */,
				A858519B29F9BBF900B1CA43 /* Models */,
				A858519C29F9BC4100B1CA43 /* ResultViewController.swift */,
				A858519E29F9BC5E00B1CA43 /* SecondViewController.swift */,
			);
			path = BMICalculatorApp;
			sourceTree = "<group>";
		};
		A883A9DC29F2DC1B0025D23E = {
			isa = PBXGroup;
			children = (
				A883A9E729F2DC1C0025D23E /* UI Kit */,
				A883A9E629F2DC1C0025D23E /* Products */,
			);
			sourceTree = "<group>";
		};
		A883A9E629F2DC1C0025D23E /* Products */ = {
			isa = PBXGroup;
			children = (
				A883A9E529F2DC1C0025D23E /* UI Kit.app */,
			);
			name = Products;
			sourceTree = "<group>";
		};
		A883A9E729F2DC1C0025D23E /* UI Kit */ = {
			isa = PBXGroup;
			children = (
				A8AD2FBF29F5860A00856981 /* Projects */,
				A883A9E829F2DC1C0025D23E /* AppDelegate.swift */,
				A883A9EA29F2DC1C0025D23E /* SceneDelegate.swift */,
				A8AD2FBD29F555C800856981 /* ViewController.swift */,
				A883A9EE29F2DC1C0025D23E /* Main.storyboard */,
				A883A9F129F2DC230025D23E /* Assets.xcassets */,
				A883A9F329F2DC230025D23E /* LaunchScreen.storyboard */,
				A883A9F629F2DC230025D23E /* Info.plist */,
			);
			path = "UI Kit";
			sourceTree = "<group>";
		};
		A8AD2FBF29F5860A00856981 /* Projects */ = {
			isa = PBXGroup;
			children = (
				A8AD2FC029F5861C00856981 /* IAmRichPoorApp */,
				A8AD2FC129F5862C00856981 /* DiceeApp */,
				A8AD2FC429F589CB00856981 /* Magic8BallApp */,
				A8AFFCEB29F59229005165DA /* CalculatorApp */,
				A8AFFCEE29F59F90005165DA /* XylophoneApp */,
				A87BD8EF29F856B800B4C570 /* BMICalculatorApp */,
			);
			path = Projects;
			sourceTree = "<group>";
		};
		A8AD2FC029F5861C00856981 /* IAmRichPoorApp */ = {
			isa = PBXGroup;
			children = (
				A817878A29F3CDDA00532428 /* IAmRichPoorViewController.swift */,
			);
			path = IAmRichPoorApp;
			sourceTree = "<group>";
		};
		A8AD2FC129F5862C00856981 /* DiceeApp */ = {
			isa = PBXGroup;
			children = (
				A8AD2FBB29F54DB700856981 /* DiceeViewController.swift */,
			);
			path = DiceeApp;
			sourceTree = "<group>";
		};
		A8AD2FC429F589CB00856981 /* Magic8BallApp */ = {
			isa = PBXGroup;
			children = (
				A8AD2FC229F589BF00856981 /* Magic8BallViewController.swift */,
			);
			path = Magic8BallApp;
			sourceTree = "<group>";
		};
		A8AFFCEB29F59229005165DA /* CalculatorApp */ = {
			isa = PBXGroup;
			children = (
				A8AFFCE929F59220005165DA /* CalculatorViewController.swift */,
			);
			path = CalculatorApp;
			sourceTree = "<group>";
		};
		A8AFFCEE29F59F90005165DA /* XylophoneApp */ = {
			isa = PBXGroup;
			children = (
				A8AFFCEF29F59FEA005165DA /* Sounds */,
				A8AFFCEC29F59F85005165DA /* XylophoneViewController.swift */,
			);
			path = XylophoneApp;
			sourceTree = "<group>";
		};
		A8AFFCEF29F59FEA005165DA /* Sounds */ = {
			isa = PBXGroup;
			children = (
				A8AFFCF229F5A00B005165DA /* A.wav */,
				A8AFFCF029F5A00B005165DA /* B.wav */,
				A8AFFCF429F5A00C005165DA /* C.wav */,
				A8AFFCF129F5A00B005165DA /* D.wav */,
				A8AFFCF329F5A00C005165DA /* E.wav */,
				A8AFFCF629F5A00C005165DA /* F.wav */,
				A8AFFCF529F5A00C005165DA /* G.wav */,
			);
			path = Sounds;
			sourceTree = "<group>";
		};
/* End PBXGroup section */

/* Begin PBXNativeTarget section */
		A883A9E429F2DC1C0025D23E /* UI Kit */ = {
			isa = PBXNativeTarget;
			buildConfigurationList = A883A9F929F2DC230025D23E /* Build configuration list for PBXNativeTarget "UI Kit" */;
			buildPhases = (
				A883A9E129F2DC1C0025D23E /* Sources */,
				A883A9E229F2DC1C0025D23E /* Frameworks */,
				A883A9E329F2DC1C0025D23E /* Resources */,
			);
			buildRules = (
			);
			dependencies = (
			);
			name = "UI Kit";
			productName = "UI Kit";
			productReference = A883A9E529F2DC1C0025D23E /* UI Kit.app */;
			productType = "com.apple.product-type.application";
		};
/* End PBXNativeTarget section */

/* Begin PBXProject section */
		A883A9DD29F2DC1B0025D23E /* Project object */ = {
			isa = PBXProject;
			attributes = {
				BuildIndependentTargetsInParallel = 1;
				LastSwiftUpdateCheck = 1420;
				LastUpgradeCheck = 1420;
				TargetAttributes = {
					A883A9E429F2DC1C0025D23E = {
						CreatedOnToolsVersion = 14.2;
					};
				};
			};
			buildConfigurationList = A883A9E029F2DC1B0025D23E /* Build configuration list for PBXProject "UI Kit" */;
			compatibilityVersion = "Xcode 14.0";
			developmentRegion = en;
			hasScannedForEncodings = 0;
			knownRegions = (
				en,
				Base,
			);
			mainGroup = A883A9DC29F2DC1B0025D23E;
			productRefGroup = A883A9E629F2DC1C0025D23E /* Products */;
			projectDirPath = "";
			projectRoot = "";
			targets = (
				A883A9E429F2DC1C0025D23E /* UI Kit */,
			);
		};
/* End PBXProject section */

/* Begin PBXResourcesBuildPhase section */
		A883A9E329F2DC1C0025D23E /* Resources */ = {
			isa = PBXResourcesBuildPhase;
			buildActionMask = 2147483647;
			files = (
				A8AFFCFC29F5A00C005165DA /* G.wav in Resources */,
				A8AFFCF929F5A00C005165DA /* A.wav in Resources */,
				A883A9F529F2DC230025D23E /* LaunchScreen.storyboard in Resources */,
				A8AFFCFD29F5A00C005165DA /* F.wav in Resources */,
				A883A9F229F2DC230025D23E /* Assets.xcassets in Resources */,
				A8AFFCF829F5A00C005165DA /* D.wav in Resources */,
				A8AFFCFB29F5A00C005165DA /* C.wav in Resources */,
				A883A9F029F2DC1C0025D23E /* Main.storyboard in Resources */,
				A8AFFCFA29F5A00C005165DA /* E.wav in Resources */,
				A8AFFCF729F5A00C005165DA /* B.wav in Resources */,
			);
			runOnlyForDeploymentPostprocessing = 0;
		};
/* End PBXResourcesBuildPhase section */

/* Begin PBXSourcesBuildPhase section */
		A883A9E129F2DC1C0025D23E /* Sources */ = {
			isa = PBXSourcesBuildPhase;
			buildActionMask = 2147483647;
			files = (
				A858519829F9BBD000B1CA43 /* BMI.swift in Sources */,
				A8AD2FBE29F555C800856981 /* ViewController.swift in Sources */,
				A883A9E929F2DC1C0025D23E /* AppDelegate.swift in Sources */,
				A8AD2FC329F589BF00856981 /* Magic8BallViewController.swift in Sources */,
				A817878B29F3CDDA00532428 /* IAmRichPoorViewController.swift in Sources */,
				A87BD8EE29F856B000B4C570 /* BMICalculatorViewController.swift in Sources */,
				A858519F29F9BC5E00B1CA43 /* SecondViewController.swift in Sources */,
				A883A9EB29F2DC1C0025D23E /* SceneDelegate.swift in Sources */,
				A8AFFCED29F59F85005165DA /* XylophoneViewController.swift in Sources */,
				A8AFFCEA29F59220005165DA /* CalculatorViewController.swift in Sources */,
				A858519A29F9BBF100B1CA43 /* CalculatorBrain.swift in Sources */,
				A8AD2FBC29F54DB700856981 /* DiceeViewController.swift in Sources */,
				A858519D29F9BC4100B1CA43 /* ResultViewController.swift in Sources */,
			);
			runOnlyForDeploymentPostprocessing = 0;
		};
/* End PBXSourcesBuildPhase section */

/* Begin PBXVariantGroup section */
		A883A9EE29F2DC1C0025D23E /* Main.storyboard */ = {
			isa = PBXVariantGroup;
			children = (
				A883A9EF29F2DC1C0025D23E /* Base */,
			);
			name = Main.storyboard;
			sourceTree = "<group>";
		};
		A883A9F329F2DC230025D23E /* LaunchScreen.storyboard */ = {
			isa = PBXVariantGroup;
			children = (
				A883A9F429F2DC230025D23E /* Base */,
			);
			name = LaunchScreen.storyboard;
			sourceTree = "<group>";
		};
/* End PBXVariantGroup section */

/* Begin XCBuildConfiguration section */
		A883A9F729F2DC230025D23E /* Debug */ = {
			isa = XCBuildConfiguration;
			buildSettings = {
				ALWAYS_SEARCH_USER_PATHS = NO;
				CLANG_ANALYZER_NONNULL = YES;
				CLANG_ANALYZER_NUMBER_OBJECT_CONVERSION = YES_AGGRESSIVE;
				CLANG_CXX_LANGUAGE_STANDARD = "gnu++20";
				CLANG_ENABLE_MODULES = YES;
				CLANG_ENABLE_OBJC_ARC = YES;
				CLANG_ENABLE_OBJC_WEAK = YES;
				CLANG_WARN_BLOCK_CAPTURE_AUTORELEASING = YES;
				CLANG_WARN_BOOL_CONVERSION = YES;
				CLANG_WARN_COMMA = YES;
				CLANG_WARN_CONSTANT_CONVERSION = YES;
				CLANG_WARN_DEPRECATED_OBJC_IMPLEMENTATIONS = YES;
				CLANG_WARN_DIRECT_OBJC_ISA_USAGE = YES_ERROR;
				CLANG_WARN_DOCUMENTATION_COMMENTS = YES;
				CLANG_WARN_EMPTY_BODY = YES;
				CLANG_WARN_ENUM_CONVERSION = YES;
				CLANG_WARN_INFINITE_RECURSION = YES;
				CLANG_WARN_INT_CONVERSION = YES;
				CLANG_WARN_NON_LITERAL_NULL_CONVERSION = YES;
				CLANG_WARN_OBJC_IMPLICIT_RETAIN_SELF = YES;
				CLANG_WARN_OBJC_LITERAL_CONVERSION = YES;
				CLANG_WARN_OBJC_ROOT_CLASS = YES_ERROR;
				CLANG_WARN_QUOTED_INCLUDE_IN_FRAMEWORK_HEADER = YES;
				CLANG_WARN_RANGE_LOOP_ANALYSIS = YES;
				CLANG_WARN_STRICT_PROTOTYPES = YES;
				CLANG_WARN_SUSPICIOUS_MOVE = YES;
				CLANG_WARN_UNGUARDED_AVAILABILITY = YES_AGGRESSIVE;
				CLANG_WARN_UNREACHABLE_CODE = YES;
				CLANG_WARN__DUPLICATE_METHOD_MATCH = YES;
				COPY_PHASE_STRIP = NO;
				DEBUG_INFORMATION_FORMAT = dwarf;
				ENABLE_STRICT_OBJC_MSGSEND = YES;
				ENABLE_TESTABILITY = YES;
				GCC_C_LANGUAGE_STANDARD = gnu11;
				GCC_DYNAMIC_NO_PIC = NO;
				GCC_NO_COMMON_BLOCKS = YES;
				GCC_OPTIMIZATION_LEVEL = 0;
				GCC_PREPROCESSOR_DEFINITIONS = (
					"DEBUG=1",
					"$(inherited)",
				);
				GCC_WARN_64_TO_32_BIT_CONVERSION = YES;
				GCC_WARN_ABOUT_RETURN_TYPE = YES_ERROR;
				GCC_WARN_UNDECLARED_SELECTOR = YES;
				GCC_WARN_UNINITIALIZED_AUTOS = YES_AGGRESSIVE;
				GCC_WARN_UNUSED_FUNCTION = YES;
				GCC_WARN_UNUSED_VARIABLE = YES;
				IPHONEOS_DEPLOYMENT_TARGET = 16.2;
				MTL_ENABLE_DEBUG_INFO = INCLUDE_SOURCE;
				MTL_FAST_MATH = YES;
				ONLY_ACTIVE_ARCH = YES;
				SDKROOT = iphoneos;
				SWIFT_ACTIVE_COMPILATION_CONDITIONS = DEBUG;
				SWIFT_OPTIMIZATION_LEVEL = "-Onone";
			};
			name = Debug;
		};
		A883A9F829F2DC230025D23E /* Release */ = {
			isa = XCBuildConfiguration;
			buildSettings = {
				ALWAYS_SEARCH_USER_PATHS = NO;
				CLANG_ANALYZER_NONNULL = YES;
				CLANG_ANALYZER_NUMBER_OBJECT_CONVERSION = YES_AGGRESSIVE;
				CLANG_CXX_LANGUAGE_STANDARD = "gnu++20";
				CLANG_ENABLE_MODULES = YES;
				CLANG_ENABLE_OBJC_ARC = YES;
				CLANG_ENABLE_OBJC_WEAK = YES;
				CLANG_WARN_BLOCK_CAPTURE_AUTORELEASING = YES;
				CLANG_WARN_BOOL_CONVERSION = YES;
				CLANG_WARN_COMMA = YES;
				CLANG_WARN_CONSTANT_CONVERSION = YES;
				CLANG_WARN_DEPRECATED_OBJC_IMPLEMENTATIONS = YES;
				CLANG_WARN_DIRECT_OBJC_ISA_USAGE = YES_ERROR;
				CLANG_WARN_DOCUMENTATION_COMMENTS = YES;
				CLANG_WARN_EMPTY_BODY = YES;
				CLANG_WARN_ENUM_CONVERSION = YES;
				CLANG_WARN_INFINITE_RECURSION = YES;
				CLANG_WARN_INT_CONVERSION = YES;
				CLANG_WARN_NON_LITERAL_NULL_CONVERSION = YES;
				CLANG_WARN_OBJC_IMPLICIT_RETAIN_SELF = YES;
				CLANG_WARN_OBJC_LITERAL_CONVERSION = YES;
				CLANG_WARN_OBJC_ROOT_CLASS = YES_ERROR;
				CLANG_WARN_QUOTED_INCLUDE_IN_FRAMEWORK_HEADER = YES;
				CLANG_WARN_RANGE_LOOP_ANALYSIS = YES;
				CLANG_WARN_STRICT_PROTOTYPES = YES;
				CLANG_WARN_SUSPICIOUS_MOVE = YES;
				CLANG_WARN_UNGUARDED_AVAILABILITY = YES_AGGRESSIVE;
				CLANG_WARN_UNREACHABLE_CODE = YES;
				CLANG_WARN__DUPLICATE_METHOD_MATCH = YES;
				COPY_PHASE_STRIP = NO;
				DEBUG_INFORMATION_FORMAT = "dwarf-with-dsym";
				ENABLE_NS_ASSERTIONS = NO;
				ENABLE_STRICT_OBJC_MSGSEND = YES;
				GCC_C_LANGUAGE_STANDARD = gnu11;
				GCC_NO_COMMON_BLOCKS = YES;
				GCC_WARN_64_TO_32_BIT_CONVERSION = YES;
				GCC_WARN_ABOUT_RETURN_TYPE = YES_ERROR;
				GCC_WARN_UNDECLARED_SELECTOR = YES;
				GCC_WARN_UNINITIALIZED_AUTOS = YES_AGGRESSIVE;
				GCC_WARN_UNUSED_FUNCTION = YES;
				GCC_WARN_UNUSED_VARIABLE = YES;
				IPHONEOS_DEPLOYMENT_TARGET = 16.2;
				MTL_ENABLE_DEBUG_INFO = NO;
				MTL_FAST_MATH = YES;
				SDKROOT = iphoneos;
				SWIFT_COMPILATION_MODE = wholemodule;
				SWIFT_OPTIMIZATION_LEVEL = "-O";
				VALIDATE_PRODUCT = YES;
			};
			name = Release;
		};
		A883A9FA29F2DC230025D23E /* Debug */ = {
			isa = XCBuildConfiguration;
			buildSettings = {
				ASSETCATALOG_COMPILER_APPICON_NAME = AppIcon;
				ASSETCATALOG_COMPILER_GLOBAL_ACCENT_COLOR_NAME = AccentColor;
				CODE_SIGN_STYLE = Automatic;
				CURRENT_PROJECT_VERSION = 1;
				DEVELOPMENT_TEAM = Z67FLWTBP4;
				GENERATE_INFOPLIST_FILE = YES;
				INFOPLIST_FILE = "UI Kit/Info.plist";
				INFOPLIST_KEY_UIApplicationSupportsIndirectInputEvents = YES;
				INFOPLIST_KEY_UILaunchStoryboardName = LaunchScreen;
				INFOPLIST_KEY_UIMainStoryboardFile = Main;
				INFOPLIST_KEY_UISupportedInterfaceOrientations = "UIInterfaceOrientationLandscapeLeft UIInterfaceOrientationLandscapeRight UIInterfaceOrientationPortrait UIInterfaceOrientationPortraitUpsideDown";
				LD_RUNPATH_SEARCH_PATHS = (
					"$(inherited)",
					"@executable_path/Frameworks",
				);
				MARKETING_VERSION = 1.0;
				PRODUCT_BUNDLE_IDENTIFIER = "com.lonewolfnadhu.UI-Kit";
				PRODUCT_NAME = "$(TARGET_NAME)";
				SWIFT_EMIT_LOC_STRINGS = YES;
				SWIFT_VERSION = 5.0;
				TARGETED_DEVICE_FAMILY = "1,2";
			};
			name = Debug;
		};
		A883A9FB29F2DC230025D23E /* Release */ = {
			isa = XCBuildConfiguration;
			buildSettings = {
				ASSETCATALOG_COMPILER_APPICON_NAME = AppIcon;
				ASSETCATALOG_COMPILER_GLOBAL_ACCENT_COLOR_NAME = AccentColor;
				CODE_SIGN_STYLE = Automatic;
				CURRENT_PROJECT_VERSION = 1;
				DEVELOPMENT_TEAM = Z67FLWTBP4;
				GENERATE_INFOPLIST_FILE = YES;
				INFOPLIST_FILE = "UI Kit/Info.plist";
				INFOPLIST_KEY_UIApplicationSupportsIndirectInputEvents = YES;
				INFOPLIST_KEY_UILaunchStoryboardName = LaunchScreen;
				INFOPLIST_KEY_UIMainStoryboardFile = Main;
				INFOPLIST_KEY_UISupportedInterfaceOrientations = "UIInterfaceOrientationLandscapeLeft UIInterfaceOrientationLandscapeRight UIInterfaceOrientationPortrait UIInterfaceOrientationPortraitUpsideDown";
				LD_RUNPATH_SEARCH_PATHS = (
					"$(inherited)",
					"@executable_path/Frameworks",
				);
				MARKETING_VERSION = 1.0;
				PRODUCT_BUNDLE_IDENTIFIER = "com.lonewolfnadhu.UI-Kit";
				PRODUCT_NAME = "$(TARGET_NAME)";
				SWIFT_EMIT_LOC_STRINGS = YES;
				SWIFT_VERSION = 5.0;
				TARGETED_DEVICE_FAMILY = "1,2";
			};
			name = Release;
		};
/* End XCBuildConfiguration section */

/* Begin XCConfigurationList section */
		A883A9E029F2DC1B0025D23E /* Build configuration list for PBXProject "UI Kit" */ = {
			isa = XCConfigurationList;
			buildConfigurations = (
				A883A9F729F2DC230025D23E /* Debug */,
				A883A9F829F2DC230025D23E /* Release */,
			);
			defaultConfigurationIsVisible = 0;
			defaultConfigurationName = Release;
		};
		A883A9F929F2DC230025D23E /* Build configuration list for PBXNativeTarget "UI Kit" */ = {
			isa = XCConfigurationList;
			buildConfigurations = (
				A883A9FA29F2DC230025D23E /* Debug */,
				A883A9FB29F2DC230025D23E /* Release */,
			);
			defaultConfigurationIsVisible = 0;
			defaultConfigurationName = Release;
		};
/* End XCConfigurationList section */
	};
	rootObject = A883A9DD29F2DC1B0025D23E /* Project object */;
}
